
Microsoft Visual Studio Solution File, Format Version 12.00
# Visual Studio Version 17
VisualStudioVersion = 17.0.31903.59
MinimumVisualStudioVersion = 10.0.40219.1
Project("{2150E333-8FDC-42A3-9474-1A3956D46DE8}") = "src", "src", "{827E0CD3-B72D-47B6-A68D-7590B98EB39B}"
EndProject
Project("{FAE04EC0-301F-11D3-BF4B-00C04F79EFBC}") = "Ledgerra.Api", "src\Ledgerra.Api\Ledgerra.Api.csproj", "{2BB82D22-FD47-4E9A-A8CD-E05DECEC1C10}"
EndProject
Project("{FAE04EC0-301F-11D3-BF4B-00C04F79EFBC}") = "Ledgerra.Domain", "src\Ledgerra.Domain\Ledgerra.Domain.csproj", "{F0BDFCD1-18ED-4CB3-8710-6F8FAE454470}"
EndProject
Project("{FAE04EC0-301F-11D3-BF4B-00C04F79EFBC}") = "Ledgerra.Infrastructure", "src\Ledgerra.Infrastructure\Ledgerra.Infrastructure.csproj", "{3BC143FE-2558-4D62-9BD4-DF8B02546035}"
EndProject
Project("{FAE04EC0-301F-11D3-BF4B-00C04F79EFBC}") = "Ledgerra.Application", "src\Ledgerra.Application\Ledgerra.Application.csproj", "{75EB7DD3-6A64-4A5F-BCB4-E62D02099F1A}"
EndProject
Project("{2150E333-8FDC-42A3-9474-1A3956D46DE8}") = "tests", "tests", "{0AB3BF05-4346-4AA6-1389-037BE0695223}"
EndProject
Project("{FAE04EC0-301F-11D3-BF4B-00C04F79EFBC}") = "Ledgerra.Domain.Tests", "tests\Ledgerra.Domain.Tests\Ledgerra.Domain.Tests.csproj", "{8FC1A5F4-F66B-44A7-9D69-581C06F8EDEE}"
EndProject
Project("{FAE04EC0-301F-11D3-BF4B-00C04F79EFBC}") = "Ledgerra.Api.Tests", "tests\Ledgerra.Api.Tests\Ledgerra.Api.Tests.csproj", "{2A92F10F-88AC-40BB-BE13-0BCFBE543545}"
EndProject
Global
	GlobalSection(SolutionConfigurationPlatforms) = preSolution
		Debug|Any CPU = Debug|Any CPU
		Debug|x64 = Debug|x64
		Debug|x86 = Debug|x86
		Release|Any CPU = Release|Any CPU
		Release|x64 = Release|x64
		Release|x86 = Release|x86
	EndGlobalSection
	GlobalSection(ProjectConfigurationPlatforms) = postSolution
		{2BB82D22-FD47-4E9A-A8CD-E05DECEC1C10}.Debug|Any CPU.ActiveCfg = Debug|Any CPU
		{2BB82D22-FD47-4E9A-A8CD-E05DECEC1C10}.Debug|Any CPU.Build.0 = Debug|Any CPU
		{2BB82D22-FD47-4E9A-A8CD-E05DECEC1C10}.Debug|x64.ActiveCfg = Debug|Any CPU
		{2BB82D22-FD47-4E9A-A8CD-E05DECEC1C10}.Debug|x64.Build.0 = Debug|Any CPU
		{2BB82D22-FD47-4E9A-A8CD-E05DECEC1C10}.Debug|x86.ActiveCfg = Debug|Any CPU
		{2BB82D22-FD47-4E9A-A8CD-E05DECEC1C10}.Debug|x86.Build.0 = Debug|Any CPU
		{2BB82D22-FD47-4E9A-A8CD-E05DECEC1C10}.Release|Any CPU.ActiveCfg = Release|Any CPU
		{2BB82D22-FD47-4E9A-A8CD-E05DECEC1C10}.Release|Any CPU.Build.0 = Release|Any CPU
		{2BB82D22-FD47-4E9A-A8CD-E05DECEC1C10}.Release|x64.ActiveCfg = Release|Any CPU
		{2BB82D22-FD47-4E9A-A8CD-E05DECEC1C10}.Release|x64.Build.0 = Release|Any CPU
		{2BB82D22-FD47-4E9A-A8CD-E05DECEC1C10}.Release|x86.ActiveCfg = Release|Any CPU
		{2BB82D22-FD47-4E9A-A8CD-E05DECEC1C10}.Release|x86.Build.0 = Release|Any CPU
		{F0BDFCD1-18ED-4CB3-8710-6F8FAE454470}.Debug|Any CPU.ActiveCfg = Debug|Any CPU
		{F0BDFCD1-18ED-4CB3-8710-6F8FAE454470}.Debug|Any CPU.Build.0 = Debug|Any CPU
		{F0BDFCD1-18ED-4CB3-8710-6F8FAE454470}.Debug|x64.ActiveCfg = Debug|Any CPU
		{F0BDFCD1-18ED-4CB3-8710-6F8FAE454470}.Debug|x64.Build.0 = Debug|Any CPU
		{F0BDFCD1-18ED-4CB3-8710-6F8FAE454470}.Debug|x86.ActiveCfg = Debug|Any CPU
		{F0BDFCD1-18ED-4CB3-8710-6F8FAE454470}.Debug|x86.Build.0 = Debug|Any CPU
		{F0BDFCD1-18ED-4CB3-8710-6F8FAE454470}.Release|Any CPU.ActiveCfg = Release|Any CPU
		{F0BDFCD1-18ED-4CB3-8710-6F8FAE454470}.Release|Any CPU.Build.0 = Release|Any CPU
		{F0BDFCD1-18ED-4CB3-8710-6F8FAE454470}.Release|x64.ActiveCfg = Release|Any CPU
		{F0BDFCD1-18ED-4CB3-8710-6F8FAE454470}.Release|x64.Build.0 = Release|Any CPU
		{F0BDFCD1-18ED-4CB3-8710-6F8FAE454470}.Release|x86.ActiveCfg = Release|Any CPU
		{F0BDFCD1-18ED-4CB3-8710-6F8FAE454470}.Release|x86.Build.0 = Release|Any CPU
		{3BC143FE-2558-4D62-9BD4-DF8B02546035}.Debug|Any CPU.ActiveCfg = Debug|Any CPU
		{3BC143FE-2558-4D62-9BD4-DF8B02546035}.Debug|Any CPU.Build.0 = Debug|Any CPU
		{3BC143FE-2558-4D62-9BD4-DF8B02546035}.Debug|x64.ActiveCfg = Debug|Any CPU
		{3BC143FE-2558-4D62-9BD4-DF8B02546035}.Debug|x64.Build.0 = Debug|Any CPU
		{3BC143FE-2558-4D62-9BD4-DF8B02546035}.Debug|x86.ActiveCfg = Debug|Any CPU
		{3BC143FE-2558-4D62-9BD4-DF8B02546035}.Debug|x86.Build.0 = Debug|Any CPU
		{3BC143FE-2558-4D62-9BD4-DF8B02546035}.Release|Any CPU.ActiveCfg = Release|Any CPU
		{3BC143FE-2558-4D62-9BD4-DF8B02546035}.Release|Any CPU.Build.0 = Release|Any CPU
		{3BC143FE-2558-4D62-9BD4-DF8B02546035}.Release|x64.ActiveCfg = Release|Any CPU
		{3BC143FE-2558-4D62-9BD4-DF8B02546035}.Release|x64.Build.0 = Release|Any CPU
		{3BC143FE-2558-4D62-9BD4-DF8B02546035}.Release|x86.ActiveCfg = Release|Any CPU
		{3BC143FE-2558-4D62-9BD4-DF8B02546035}.Release|x86.Build.0 = Release|Any CPU
		{75EB7DD3-6A64-4A5F-BCB4-E62D02099F1A}.Debug|Any CPU.ActiveCfg = Debug|Any CPU
		{75EB7DD3-6A64-4A5F-BCB4-E62D02099F1A}.Debug|Any CPU.Build.0 = Debug|Any CPU
		{75EB7DD3-6A64-4A5F-BCB4-E62D02099F1A}.Debug|x64.ActiveCfg = Debug|Any CPU
		{75EB7DD3-6A64-4A5F-BCB4-E62D02099F1A}.Debug|x64.Build.0 = Debug|Any CPU
		{75EB7DD3-6A64-4A5F-BCB4-E62D02099F1A}.Debug|x86.ActiveCfg = Debug|Any CPU
		{75EB7DD3-6A64-4A5F-BCB4-E62D02099F1A}.Debug|x86.Build.0 = Debug|Any CPU
		{75EB7DD3-6A64-4A5F-BCB4-E62D02099F1A}.Release|Any CPU.ActiveCfg = Release|Any CPU
		{75EB7DD3-6A64-4A5F-BCB4-E62D02099F1A}.Release|Any CPU.Build.0 = Release|Any CPU
		{75EB7DD3-6A64-4A5F-BCB4-E62D02099F1A}.Release|x64.ActiveCfg = Release|Any CPU
		{75EB7DD3-6A64-4A5F-BCB4-E62D02099F1A}.Release|x64.Build.0 = Release|Any CPU
		{75EB7DD3-6A64-4A5F-BCB4-E62D02099F1A}.Release|x86.ActiveCfg = Release|Any CPU
		{75EB7DD3-6A64-4A5F-BCB4-E62D02099F1A}.Release|x86.Build.0 = Release|Any CPU
		{8FC1A5F4-F66B-44A7-9D69-581C06F8EDEE}.Debug|Any CPU.ActiveCfg = Debug|Any CPU
		{8FC1A5F4-F66B-44A7-9D69-581C06F8EDEE}.Debug|Any CPU.Build.0 = Debug|Any CPU
		{8FC1A5F4-F66B-44A7-9D69-581C06F8EDEE}.Debug|x64.ActiveCfg = Debug|Any CPU
		{8FC1A5F4-F66B-44A7-9D69-581C06F8EDEE}.Debug|x64.Build.0 = Debug|Any CPU
		{8FC1A5F4-F66B-44A7-9D69-581C06F8EDEE}.Debug|x86.ActiveCfg = Debug|Any CPU
		{8FC1A5F4-F66B-44A7-9D69-581C06F8EDEE}.Debug|x86.Build.0 = Debug|Any CPU
		{8FC1A5F4-F66B-44A7-9D69-581C06F8EDEE}.Release|Any CPU.ActiveCfg = Release|Any CPU
		{8FC1A5F4-F66B-44A7-9D69-581C06F8EDEE}.Release|Any CPU.Build.0 = Release|Any CPU
		{8FC1A5F4-F66B-44A7-9D69-581C06F8EDEE}.Release|x64.ActiveCfg = Release|Any CPU
		{8FC1A5F4-F66B-44A7-9D69-581C06F8EDEE}.Release|x64.Build.0 = Release|Any CPU
		{8FC1A5F4-F66B-44A7-9D69-581C06F8EDEE}.Release|x86.ActiveCfg = Release|Any CPU
		{8FC1A5F4-F66B-44A7-9D69-581C06F8EDEE}.Release|x86.Build.0 = Release|Any CPU
		{2A92F10F-88AC-40BB-BE13-0BCFBE543545}.Debug|Any CPU.ActiveCfg = Debug|Any CPU
		{2A92F10F-88AC-40BB-BE13-0BCFBE543545}.Debug|Any CPU.Build.0 = Debug|Any CPU
		{2A92F10F-88AC-40BB-BE13-0BCFBE543545}.Debug|x64.ActiveCfg = Debug|Any CPU
		{2A92F10F-88AC-40BB-BE13-0BCFBE543545}.Debug|x64.Build.0 = Debug|Any CPU
		{2A92F10F-88AC-40BB-BE13-0BCFBE543545}.Debug|x86.ActiveCfg = Debug|Any CPU
		{2A92F10F-88AC-40BB-BE13-0BCFBE543545}.Debug|x86.Build.0 = Debug|Any CPU
		{2A92F10F-88AC-40BB-BE13-0BCFBE543545}.Release|Any CPU.ActiveCfg = Release|Any CPU
		{2A92F10F-88AC-40BB-BE13-0BCFBE543545}.Release|Any CPU.Build.0 = Release|Any CPU
		{2A92F10F-88AC-40BB-BE13-0BCFBE543545}.Release|x64.ActiveCfg = Release|Any CPU
		{2A92F10F-88AC-40BB-BE13-0BCFBE543545}.Release|x64.Build.0 = Release|Any CPU
		{2A92F10F-88AC-40BB-BE13-0BCFBE543545}.Release|x86.ActiveCfg = Release|Any CPU
		{2A92F10F-88AC-40BB-BE13-0BCFBE543545}.Release|x86.Build.0 = Release|Any CPU
	EndGlobalSection
	GlobalSection(SolutionProperties) = preSolution
		HideSolutionNode = FALSE
	EndGlobalSection
	GlobalSection(NestedProjects) = preSolution
		{2BB82D22-FD47-4E9A-A8CD-E05DECEC1C10} = {827E0CD3-B72D-47B6-A68D-7590B98EB39B}
		{F0BDFCD1-18ED-4CB3-8710-6F8FAE454470} = {827E0CD3-B72D-47B6-A68D-7590B98EB39B}
		{3BC143FE-2558-4D62-9BD4-DF8B02546035} = {827E0CD3-B72D-47B6-A68D-7590B98EB39B}
		{75EB7DD3-6A64-4A5F-BCB4-E62D02099F1A} = {827E0CD3-B72D-47B6-A68D-7590B98EB39B}
		{8FC1A5F4-F66B-44A7-9D69-581C06F8EDEE} = {0AB3BF05-4346-4AA6-1389-037BE0695223}
		{2A92F10F-88AC-40BB-BE13-0BCFBE543545} = {0AB3BF05-4346-4AA6-1389-037BE0695223}
	EndGlobalSection
EndGlobal
